
Microsoft Visual Studio Solution File, Format Version 12.00
# Visual Studio 14
VisualStudioVersion = 14.0.25420.1
MinimumVisualStudioVersion = 10.0.40219.1
Project("{E24C65DC-7377-472B-9ABA-BC803B73C61A}") = "ng2-fundamentals", ".", "{C415FC2C-859C-45DF-812F-6EC2A7FFDD7A}"
	ProjectSection(WebsiteProperties) = preProject
		TargetFrameworkMoniker = ".NETFramework,Version%3Dv4.0"
		Debug.AspNetCompiler.VirtualPath = "/localhost_9579"
		Debug.AspNetCompiler.PhysicalPath = "..\ng2-fundamentals\"
		Debug.AspNetCompiler.TargetPath = "PrecompiledWeb\localhost_9579\"
		Debug.AspNetCompiler.Updateable = "true"
		Debug.AspNetCompiler.ForceOverwrite = "true"
		Debug.AspNetCompiler.FixedNames = "false"
		Debug.AspNetCompiler.Debug = "True"
		Release.AspNetCompiler.VirtualPath = "/localhost_9579"
		Release.AspNetCompiler.PhysicalPath = "..\ng2-fundamentals\"
		Release.AspNetCompiler.TargetPath = "PrecompiledWeb\localhost_9579\"
		Release.AspNetCompiler.Updateable = "true"
		Release.AspNetCompiler.ForceOverwrite = "true"
		Release.AspNetCompiler.FixedNames = "false"
		Release.AspNetCompiler.Debug = "False"
		VWDPort = "9579"
		SlnRelativePath = "..\ng2-fundamentals\"
	EndProjectSection
EndProject
Global
	GlobalSection(SolutionConfigurationPlatforms) = preSolution
		Debug|Any CPU = Debug|Any CPU
	EndGlobalSection
	GlobalSection(ProjectConfigurationPlatforms) = postSolution
		{C415FC2C-859C-45DF-812F-6EC2A7FFDD7A}.Debug|Any CPU.ActiveCfg = Debug|Any CPU
		{C415FC2C-859C-45DF-812F-6EC2A7FFDD7A}.Debug|Any CPU.Build.0 = Debug|Any CPU
	EndGlobalSection
	GlobalSection(SolutionProperties) = preSolution
		HideSolutionNode = FALSE
	EndGlobalSection
EndGlobal
